# THIS IS AN AUTOGENERATED FILE. DO NOT EDIT THIS FILE DIRECTLY.
# yarn lockfile v1


"@fullcalendar/core@4.4.0":
  version "4.4.0"
  resolved "https://registry.yarnpkg.com/@fullcalendar/core/-/core-4.4.0.tgz#79dbc0cca836ce628a07e739a456da11ff141373"
  integrity sha512-PC4mmXHJHAlXmUEmZVnePyA8yYCOBdxBNq8yjJqedEtT1X0x36yTFz/Y0Ux6bniICZDqYtk0xoxe6jaxi++e0g==

"@fullcalendar/daygrid@4.4.0", "@fullcalendar/daygrid@~4.4.0":
  version "4.4.0"
  resolved "https://registry.yarnpkg.com/@fullcalendar/daygrid/-/daygrid-4.4.0.tgz#25fcae7226b62688b4e086a611582e72253b5229"
  integrity sha512-pDfvL0XZxKHTZ4VFOmwaYe3LmuABEIZsEopeqQ8y5O6BDen9KCbJqgHeCI8FpASSBd6bNlUx7il7EHdSoHhgIw==

"@fullcalendar/interaction@4.4.0":
  version "4.4.0"
  resolved "https://registry.yarnpkg.com/@fullcalendar/interaction/-/interaction-4.4.0.tgz#fc8f8baaf5cb3533d6ce0a684d6f9952a4430685"
  integrity sha512-nGu0ZzYYlNpIhqfyv3JupteWKFETs3W1MzbRJcEZkuPncn4BooEi4A2blgHfacHAmmpaNkT84tAmhzi734MFBA==

"@fullcalendar/list@4.4.0":
  version "4.4.0"
  resolved "https://registry.yarnpkg.com/@fullcalendar/list/-/list-4.4.0.tgz#8edab49d06903b7de0ca68eefc1d44d0a58860a9"
  integrity sha512-uUDSPS71czNTK5Z3x3HzeE3KIvqkCfvhY+mGFdaAL6+7VpCwEIfB6s3GIJOjzu9TONmczMk4jdq0b1WUFLY5PQ==

"@fullcalendar/timegrid@4.4.0":
  version "4.4.0"
  resolved "https://registry.yarnpkg.com/@fullcalendar/timegrid/-/timegrid-4.4.0.tgz#c5837cfd676afff0d95535ac4cc054ed65965976"
  integrity sha512-QwJ9oM87/ZTbXaE8PMIVp20GPtVCFmroaeR1GydJ6BKYtbxG/nsaSv7RhqvDa2jLjHaTWC2NjHo9hRfjQjtCZA==
  dependencies:
    "@fullcalendar/daygrid" "~4.4.0"

ansicolors@~0.2.1:
  version "0.2.1"
  resolved "https://registry.yarnpkg.com/ansicolors/-/ansicolors-0.2.1.tgz#be089599097b74a5c9c4a84a0cdbcdb62bd87aef"
  integrity sha1-vgiVmQl7dKXJxKhKDNvNtivYeu8=

apexcharts@3.18.1:
  version "3.18.1"
  resolved "https://registry.yarnpkg.com/apexcharts/-/apexcharts-3.18.1.tgz#ede3fe30411b5bf05d2840c8ab0c9bbdc519e4f7"
  integrity sha512-xBhuEegV8RK1q3UVC/jezdN/bwTvCAcmjuOu+UutO+pFdM9qy6RifB4jKU/8Ek7ZPucmnDRDI2YJ0iXTKbzzYg==
  dependencies:
    svg.draggable.js "^2.2.2"
    svg.easing.js "^2.0.0"
    svg.filter.js "^2.0.2"
    svg.pathmorphing.js "^0.1.3"
    svg.resize.js "^1.4.3"
    svg.select.js "^3.0.1"

async@^2.6.0:
  version "2.6.3"
  resolved "https://registry.yarnpkg.com/async/-/async-2.6.3.tgz#d72625e2344a3656e3a3ad4fa749fa83299d82ff"
  integrity sha512-zflvls11DCy+dQWzTW2dzuilv8Z5X/pjfmZOWba6TNIVDm+2UDaJmXSOXlasHKfNBs8oo3M0aT50fDEWfKZjXg==
  dependencies:
    lodash "^4.17.14"

autosize@4.0.2:
  version "4.0.2"
  resolved "https://registry.yarnpkg.com/autosize/-/autosize-4.0.2.tgz#073cfd07c8bf45da4b9fd153437f5bafbba1e4c9"
  integrity sha512-jnSyH2d+qdfPGpWlcuhGiHmqBJ6g3X+8T+iRwFrHPLVcdoGJE/x6Qicm6aDHfTsbgZKxyV8UU/YB2p4cjKDRRA==

bootstrap@twbs/bootstrap#8cb60bf:
  version "4.3.1"
  resolved "https://codeload.github.com/twbs/bootstrap/tar.gz/8cb60bf043cedfa260259ca87113a6e018625599"

cardinal@^1.0.0:
  version "1.0.0"
  resolved "https://registry.yarnpkg.com/cardinal/-/cardinal-1.0.0.tgz#50e21c1b0aa37729f9377def196b5a9cec932ee9"
  integrity sha1-UOIcGwqjdyn5N33vGWtanOyTLuk=
  dependencies:
    ansicolors "~0.2.1"
    redeyed "~1.0.0"

countup.js@2.0.4:
  version "2.0.4"
  resolved "https://registry.yarnpkg.com/countup.js/-/countup.js-2.0.4.tgz#8c845452e499b16187c0d1beb1e5d717bda90005"
  integrity sha512-fb691q1Zo0UqVCsBJU1Q38hGkTHEz3GibaugY5mi67ATYdPQymMmeq9XM0HIT4ow0hLSvUNh6xEEwauLxJ85Aw==

csv-parse@^4.6.5:
  version "4.8.8"
  resolved "https://registry.yarnpkg.com/csv-parse/-/csv-parse-4.8.8.tgz#0acbc4598c1f28652c4250599108096b3a0a68ae"
  integrity sha512-Kv3Ilz2GV58dOoHBXRCTF8ijxlLjl80bG3d67XPI6DNqffb3AnbPbKr/WvCUMJq5V0AZYi6sukOaOQAVpfuVbg==

daterangepicker@3.0.5:
  version "3.0.5"
  resolved "https://registry.yarnpkg.com/daterangepicker/-/daterangepicker-3.0.5.tgz#97180f233cf9c222cd0767b9c37c2926976d633a"
  integrity sha512-BoVV+OjVARWNE15iF+3Y2QIMioAD2UODHvJwIq+NtG0vxh61dXRmOMXlw2dsvxS8KY4n5uvIcBfIPiEiiGJcBg==
  dependencies:
    jquery ">=1.10"
    moment "^2.9.0"

"dayjs@github:iamkun/dayjs":
  version "0.0.0-development"
  resolved "https://codeload.github.com/iamkun/dayjs/tar.gz/3188e158ed4ebca6669b5464ff7d3d85bf1c8615"

esprima@~3.0.0:
  version "3.0.0"
  resolved "https://registry.yarnpkg.com/esprima/-/esprima-3.0.0.tgz#53cf247acda77313e551c3aa2e73342d3fb4f7d9"
  integrity sha1-U88kes2ncxPlUcOqLnM0LT+099k=

flatpickr@4.6.3:
  version "4.6.3"
  resolved "https://registry.yarnpkg.com/flatpickr/-/flatpickr-4.6.3.tgz#15a8b76b6e34e3a072861250503a5995b9d3bc60"
  integrity sha512-007VucCkqNOMMb9ggRLNuJowwaJcyOh4sKAFcdGfahfGc7JQbf94zSzjdBq/wVyHWUEs5o3+idhFZ0wbZMRmVQ==

fullcalendar@3.10.1:
  version "3.10.1"
  resolved "https://registry.yarnpkg.com/fullcalendar/-/fullcalendar-3.10.1.tgz#cca3f9a2656a7e978a3f3facb7f35934a91185db"
  integrity sha512-E0ioaHVmwdS4es8pNTUNva7505wPkUMFdn9JGFLYo+J12ARhN3zDBwoPj2DfB8rL7Yc1sSve+FqDHC3s2SZ7Fw==

humanize@^0.0.9:
  version "0.0.9"
  resolved "https://registry.yarnpkg.com/humanize/-/humanize-0.0.9.tgz#1994ffaecdfe9c441ed2bdac7452b7bb4c9e41a4"
  integrity sha1-GZT/rs3+nEQe0r2sdFK3u0yeQaQ=

imask@6.0.3:
  version "6.0.3"
  resolved "https://registry.yarnpkg.com/imask/-/imask-6.0.3.tgz#cddb382b034660730a678b48321febfa6d2a627f"
  integrity sha512-OE6qySFaLUBMLLdcYMaVeCt0MadFs2sn1TcTgdcADsziET2LKU0RFbL5YJtfc9Rj1RLpOWMeV8AXCimGoJBM+w==

jquery@3.5.0, jquery@>=1.10:
  version "3.5.0"
  resolved "https://registry.yarnpkg.com/jquery/-/jquery-3.5.0.tgz#9980b97d9e4194611c36530e7dc46a58d7340fc9"
  integrity sha512-Xb7SVYMvygPxbFMpTFQiHh1J7HClEaThguL15N/Gg37Lri/qKyhRGZYzHRyLH8Stq3Aow0LsHO2O2ci86fCrNQ==

jquery@~1.11.3:
  version "1.11.3"
  resolved "https://registry.yarnpkg.com/jquery/-/jquery-1.11.3.tgz#dd8b74278b27102d29df63eae28308a8cfa1b583"
  integrity sha1-3Yt0J4snEC0p32Pq4oMIqM+htYM=

jqvmap@1.5.1:
  version "1.5.1"
  resolved "https://registry.yarnpkg.com/jqvmap/-/jqvmap-1.5.1.tgz#1670a731d02386373da4cfaebd4db0eb634d4cfb"
  integrity sha1-FnCnMdAjhjc9pM+uvU2w62NNTPs=
  dependencies:
    jquery "~1.11.3"

"lodash-es@github:lodash/lodash":
  version "5.0.0"
  resolved "https://codeload.github.com/lodash/lodash/tar.gz/588bf3e20db0ae039a822a14a8fa238c5b298e65"

lodash@^4.17.14:
  version "4.17.15"
  resolved "https://registry.yarnpkg.com/lodash/-/lodash-4.17.15.tgz#b447f6670a0455bbfeedd11392eff330ea097548"
  integrity sha512-8xOcRHvCjnocdS5cpwXQXVzmmh5e5+saE2QGoeQmbKmRS6J3VQppPOIt0MnmE+4xlZoumy0GPG0D0MVIQbNA1A==

microplugin@0.0.3:
  version "0.0.3"
  resolved "https://registry.yarnpkg.com/microplugin/-/microplugin-0.0.3.tgz#1fc2e1bb7c9e19e82bd84bba9137bbe71250d8cd"
  integrity sha1-H8Lhu3yeGegr2Eu6kTe75xJQ2M0=

minimist@~0.0.1:
  version "0.0.10"
  resolved "https://registry.yarnpkg.com/minimist/-/minimist-0.0.10.tgz#de3f98543dbf96082be48ad1a0c7cda836301dcf"
  integrity sha1-3j+YVD2/lggr5IrRoMfNqDYwHc8=

moment@^2.9.0:
  version "2.24.0"
  resolved "https://registry.yarnpkg.com/moment/-/moment-2.24.0.tgz#0d055d53f5052aa653c9f6eb68bb5d12bf5c2b5b"
  integrity sha512-bV7f+6l2QigeBBZSM/6yTNq4P2fNpSWj/0e7jQcy87A8e7o2nAfP/34/2ky5Vw4B9S446EtIhodAzkFCcR4dQg==

nouislider@14.2.0:
  version "14.2.0"
  resolved "https://registry.yarnpkg.com/nouislider/-/nouislider-14.2.0.tgz#c5125b5fa5b35013321843195d5a6f5afc576194"
  integrity sha512-IeDy8kA3uEtQIS35izyWg9tF0ycNTXvXPxB1SpEAxGGty2MqOIqkyMpOjCqT7Oag99fPRGRGuzHuuemU9+hCmw==

optimist@^0.6.1:
  version "0.6.1"
  resolved "https://registry.yarnpkg.com/optimist/-/optimist-0.6.1.tgz#da3ea74686fa21a19a111c326e90eb15a0196686"
  integrity sha1-2j6nRob6IaGaERwybpDrFaAZZoY=
  dependencies:
    minimist "~0.0.1"
    wordwrap "~0.0.2"

peity@3.3.0:
  version "3.3.0"
  resolved "https://registry.yarnpkg.com/peity/-/peity-3.3.0.tgz#0e0ad88c10a7360c7c0447d031dd85852c3714dd"
  integrity sha512-4QUbLwDpmBFS/f0RdLODU1HgLHJJ2qo9fruRRNFB3DRNi8MCb3yIMLyNUwOLGcMwkN9uqQKacjKJEM7/TZQkFw==

popper.js@1.16.1:
  version "1.16.1"
  resolved "https://registry.yarnpkg.com/popper.js/-/popper.js-1.16.1.tgz#2a223cb3dc7b6213d740e40372be40de43e65b1b"
  integrity sha512-Wb4p1J4zyFTbM+u6WuO4XstYx4Ky9Cewe4DWrel7B0w6VVICvPwdOpotjzcf6eD8TsckVnIMNONQyPIUFOUbCQ==

redeyed@~1.0.0:
  version "1.0.1"
  resolved "https://registry.yarnpkg.com/redeyed/-/redeyed-1.0.1.tgz#e96c193b40c0816b00aec842698e61185e55498a"
  integrity sha1-6WwZO0DAgWsArshCaY5hGF5VSYo=
  dependencies:
    esprima "~3.0.0"

selectize@0.12.6:
  version "0.12.6"
  resolved "https://registry.yarnpkg.com/selectize/-/selectize-0.12.6.tgz#c2cf08cbaa4cb06c5e99bb452919d71b080690d6"
  integrity sha512-bWO5A7G+I8+QXyjLfQUgh31VI4WKYagUZQxAXlDyUmDDNrFxrASV0W9hxCOl0XJ/XQ1dZEu3G9HjXV4Wj0yb6w==
  dependencies:
    microplugin "0.0.3"
    sifter "^0.5.1"

sifter@^0.5.1:
  version "0.5.4"
  resolved "https://registry.yarnpkg.com/sifter/-/sifter-0.5.4.tgz#3cb9e514889edfc887d8d87a355841b01ebdd1ab"
  integrity sha512-t2yxTi/MM/ESup7XH5oMu8PUcttlekt269RqxARgnvS+7D/oP6RyA1x3M/5w8dG9OgkOyQ8hNRWelQ8Rj4TAQQ==
  dependencies:
    async "^2.6.0"
    cardinal "^1.0.0"
    csv-parse "^4.6.5"
    humanize "^0.0.9"
    optimist "^0.6.1"

svg.draggable.js@^2.2.2:
  version "2.2.2"
  resolved "https://registry.yarnpkg.com/svg.draggable.js/-/svg.draggable.js-2.2.2.tgz#c514a2f1405efb6f0263e7958f5b68fce50603ba"
  integrity sha512-JzNHBc2fLQMzYCZ90KZHN2ohXL0BQJGQimK1kGk6AvSeibuKcIdDX9Kr0dT9+UJ5O8nYA0RB839Lhvk4CY4MZw==
  dependencies:
    svg.js "^2.0.1"

svg.easing.js@^2.0.0:
  version "2.0.0"
  resolved "https://registry.yarnpkg.com/svg.easing.js/-/svg.easing.js-2.0.0.tgz#8aa9946b0a8e27857a5c40a10eba4091e5691f12"
  integrity sha1-iqmUawqOJ4V6XEChDrpAkeVpHxI=
  dependencies:
    svg.js ">=2.3.x"

svg.filter.js@^2.0.2:
  version "2.0.2"
  resolved "https://registry.yarnpkg.com/svg.filter.js/-/svg.filter.js-2.0.2.tgz#91008e151389dd9230779fcbe6e2c9a362d1c203"
  integrity sha1-kQCOFROJ3ZIwd5/L5uLJo2LRwgM=
  dependencies:
    svg.js "^2.2.5"

svg.js@>=2.3.x, svg.js@^2.0.1, svg.js@^2.2.5, svg.js@^2.4.0, svg.js@^2.6.5:
  version "2.7.1"
  resolved "https://registry.yarnpkg.com/svg.js/-/svg.js-2.7.1.tgz#eb977ed4737001eab859949b4a398ee1bb79948d"
  integrity sha512-ycbxpizEQktk3FYvn/8BH+6/EuWXg7ZpQREJvgacqn46gIddG24tNNe4Son6omdXCnSOaApnpZw6MPCBA1dODA==

svg.pathmorphing.js@^0.1.3:
  version "0.1.3"
  resolved "https://registry.yarnpkg.com/svg.pathmorphing.js/-/svg.pathmorphing.js-0.1.3.tgz#c25718a1cc7c36e852ecabc380e758ac09bb2b65"
  integrity sha512-49HWI9X4XQR/JG1qXkSDV8xViuTLIWm/B/7YuQELV5KMOPtXjiwH4XPJvr/ghEDibmLQ9Oc22dpWpG0vUDDNww==
  dependencies:
    svg.js "^2.4.0"

svg.resize.js@^1.4.3:
  version "1.4.3"
  resolved "https://registry.yarnpkg.com/svg.resize.js/-/svg.resize.js-1.4.3.tgz#885abd248e0cd205b36b973c4b578b9a36f23332"
  integrity sha512-9k5sXJuPKp+mVzXNvxz7U0uC9oVMQrrf7cFsETznzUDDm0x8+77dtZkWdMfRlmbkEEYvUn9btKuZ3n41oNA+uw==
  dependencies:
    svg.js "^2.6.5"
    svg.select.js "^2.1.2"

svg.select.js@^2.1.2:
  version "2.1.2"
  resolved "https://registry.yarnpkg.com/svg.select.js/-/svg.select.js-2.1.2.tgz#e41ce13b1acff43a7441f9f8be87a2319c87be73"
  integrity sha512-tH6ABEyJsAOVAhwcCjF8mw4crjXSI1aa7j2VQR8ZuJ37H2MBUbyeqYr5nEO7sSN3cy9AR9DUwNg0t/962HlDbQ==
  dependencies:
    svg.js "^2.2.5"

svg.select.js@^3.0.1:
  version "3.0.1"
  resolved "https://registry.yarnpkg.com/svg.select.js/-/svg.select.js-3.0.1.tgz#a4198e359f3825739226415f82176a90ea5cc917"
  integrity sha512-h5IS/hKkuVCbKSieR9uQCj9w+zLHoPh+ce19bBYyqF53g6mnPB8sAtIbe1s9dh2S2fCmYX2xel1Ln3PJBbK4kw==
  dependencies:
    svg.js "^2.6.5"

"tabler@github:tabler/tabler":
  version "1.0.0-alpha.6"
  resolved "https://codeload.github.com/tabler/tabler/tar.gz/9e12536e69071171a5a38df79d947cf9109dbc8f"
  dependencies:
    "@fullcalendar/core" "4.4.0"
    "@fullcalendar/daygrid" "4.4.0"
    "@fullcalendar/interaction" "4.4.0"
    "@fullcalendar/list" "4.4.0"
    "@fullcalendar/timegrid" "4.4.0"
    apexcharts "3.18.1"
    autosize "4.0.2"
    bootstrap twbs/bootstrap#8cb60bf
    countup.js "2.0.4"
    daterangepicker "3.0.5"
    flatpickr "4.6.3"
    fullcalendar "3.10.1"
    imask "6.0.3"
    jquery "3.5.0"
    jqvmap "1.5.1"
    nouislider "14.2.0"
    peity "3.3.0"
    popper.js "1.16.1"
    selectize "0.12.6"

wordwrap@~0.0.2:
  version "0.0.3"
  resolved "https://registry.yarnpkg.com/wordwrap/-/wordwrap-0.0.3.tgz#a3d5da6cd5c0bc0008d37234bbaf1bed63059107"
  integrity sha1-o9XabNXAvAAI03I0u68b7WMFkQc=
